
Microsoft Visual Studio Solution File, Format Version 12.00
# Visual Studio Version 17
VisualStudioVersion = 17.0.32112.339
MinimumVisualStudioVersion = 10.0.40219.1
Project("{FAE04EC0-301F-11D3-BF4B-00C04F79EFBC}") = "FrmIdentity", "FrmIdentity\FrmIdentity.csproj", "{D689F400-2A9E-422B-B28D-0C1FE43DDBE7}"
EndProject
Global
	GlobalSection(SolutionConfigurationPlatforms) = preSolution
		Debug|Any CPU = Debug|Any CPU
		Release|Any CPU = Release|Any CPU
	EndGlobalSection
	GlobalSection(ProjectConfigurationPlatforms) = postSolution
		{D689F400-2A9E-422B-B28D-0C1FE43DDBE7}.Debug|Any CPU.ActiveCfg = Debug|Any CPU
		{D689F400-2A9E-422B-B28D-0C1FE43DDBE7}.Debug|Any CPU.Build.0 = Debug|Any CPU
		{D689F400-2A9E-422B-B28D-0C1FE43DDBE7}.Release|Any CPU.ActiveCfg = Release|Any CPU
		{D689F400-2A9E-422B-B28D-0C1FE43DDBE7}.Release|Any CPU.Build.0 = Release|Any CPU
	EndGlobalSection
	GlobalSection(SolutionProperties) = preSolution
		HideSolutionNode = FALSE
	EndGlobalSection
	GlobalSection(ExtensibilityGlobals) = postSolution
		SolutionGuid = {6FDF6CE4-AA74-4FCD-B859-C03265BA484C}
	EndGlobalSection
EndGlobal
